
Microsoft Visual Studio Solution File, Format Version 12.00
# Visual Studio Version 17
VisualStudioVersion = 17.8.0.0
MinimumVisualStudioVersion = 17.8.0.0
Project("{9A19103F-16F7-4668-BE54-9A1E7A4F7556}") = "SampleAspNetCoreMcp.AppHost", "SampleAspNetCoreMcp.AppHost\SampleAspNetCoreMcp.AppHost.csproj", "{E3398016-D7E0-44BF-BC05-31EFDD854D72}"
EndProject
Project("{9A19103F-16F7-4668-BE54-9A1E7A4F7556}") = "SampleAspNetCoreMcp.ServiceDefaults", "SampleAspNetCoreMcp.ServiceDefaults\SampleAspNetCoreMcp.ServiceDefaults.csproj", "{3143A151-DD7E-4A7E-A922-3BA340304045}"
EndProject
Project("{9A19103F-16F7-4668-BE54-9A1E7A4F7556}") = "SampleAspNetCoreMcp.ApiService", "SampleAspNetCoreMcp.ApiService\SampleAspNetCoreMcp.ApiService.csproj", "{C2A4BE77-AC51-4847-AA92-3A86A911030E}"
EndProject
Global
	GlobalSection(SolutionConfigurationPlatforms) = preSolution
		Debug|Any CPU = Debug|Any CPU
		Release|Any CPU = Release|Any CPU
	EndGlobalSection
	GlobalSection(ProjectConfigurationPlatforms) = postSolution
		{E3398016-D7E0-44BF-BC05-31EFDD854D72}.Debug|Any CPU.ActiveCfg = Debug|Any CPU
		{E3398016-D7E0-44BF-BC05-31EFDD854D72}.Debug|Any CPU.Build.0 = Debug|Any CPU
		{E3398016-D7E0-44BF-BC05-31EFDD854D72}.Release|Any CPU.ActiveCfg = Release|Any CPU
		{E3398016-D7E0-44BF-BC05-31EFDD854D72}.Release|Any CPU.Build.0 = Release|Any CPU
		{3143A151-DD7E-4A7E-A922-3BA340304045}.Debug|Any CPU.ActiveCfg = Debug|Any CPU
		{3143A151-DD7E-4A7E-A922-3BA340304045}.Debug|Any CPU.Build.0 = Debug|Any CPU
		{3143A151-DD7E-4A7E-A922-3BA340304045}.Release|Any CPU.ActiveCfg = Release|Any CPU
		{3143A151-DD7E-4A7E-A922-3BA340304045}.Release|Any CPU.Build.0 = Release|Any CPU
		{C2A4BE77-AC51-4847-AA92-3A86A911030E}.Debug|Any CPU.ActiveCfg = Debug|Any CPU
		{C2A4BE77-AC51-4847-AA92-3A86A911030E}.Debug|Any CPU.Build.0 = Debug|Any CPU
		{C2A4BE77-AC51-4847-AA92-3A86A911030E}.Release|Any CPU.ActiveCfg = Release|Any CPU
		{C2A4BE77-AC51-4847-AA92-3A86A911030E}.Release|Any CPU.Build.0 = Release|Any CPU
	EndGlobalSection
	GlobalSection(SolutionProperties) = preSolution
		HideSolutionNode = FALSE
	EndGlobalSection
	GlobalSection(ExtensibilityGlobals) = postSolution
		SolutionGuid = {2ACF423D-ED57-40B5-9046-1C7BF4DFBD34}
	EndGlobalSection
EndGlobal
